// !$*UTF8*$!
{
	archiveVersion = 1;
	classes = {
	};
	objectVersion = 56;
	objects = {

/* Begin PBXBuildFile section */
		561876662B839CE1000EE909 /* RecentlyAddedWordsCategoryView.swift in Sources */ = {isa = PBXBuildFile; fileRef = 561876652B839CE1000EE909 /* RecentlyAddedWordsCategoryView.swift */; };
		56203A262E153E00005A6EAD /* HomeTabView.swift in Sources */ = {isa = PBXBuildFile; fileRef = 56203A252E153E00005A6EAD /* HomeTabView.swift */; };
		562AE4F02B65532300628C17 /* ChangeCategoryView.swift in Sources */ = {isa = PBXBuildFile; fileRef = 562AE4EF2B65532300628C17 /* ChangeCategoryView.swift */; };
		564A5E1C2B6912D900F81BE3 /* ColorBlendedModifier.swift in Sources */ = {isa = PBXBuildFile; fileRef = 564A5E1B2B6912D900F81BE3 /* ColorBlendedModifier.swift */; };
		566762482B60071500C3F1CA /* FlashwordApp.swift in Sources */ = {isa = PBXBuildFile; fileRef = 566762472B60071500C3F1CA /* FlashwordApp.swift */; };
		5667624C2B60071600C3F1CA /* Assets.xcassets in Resources */ = {isa = PBXBuildFile; fileRef = 5667624B2B60071600C3F1CA /* Assets.xcassets */; };
		5667624F2B60071600C3F1CA /* Preview Assets.xcassets in Resources */ = {isa = PBXBuildFile; fileRef = 5667624E2B60071600C3F1CA /* Preview Assets.xcassets */; };
		566762582B6007B400C3F1CA /* Router.swift in Sources */ = {isa = PBXBuildFile; fileRef = 566762572B6007B400C3F1CA /* Router.swift */; };
		5667625A2B6007D800C3F1CA /* Word.swift in Sources */ = {isa = PBXBuildFile; fileRef = 566762592B6007D800C3F1CA /* Word.swift */; };
		5667625C2B60080000C3F1CA /* AppView.swift in Sources */ = {isa = PBXBuildFile; fileRef = 5667625B2B60080000C3F1CA /* AppView.swift */; };
		5667625E2B60081C00C3F1CA /* DictionaryView.swift in Sources */ = {isa = PBXBuildFile; fileRef = 5667625D2B60081C00C3F1CA /* DictionaryView.swift */; };
		566762602B60083200C3F1CA /* NewWordCardView.swift in Sources */ = {isa = PBXBuildFile; fileRef = 5667625F2B60083200C3F1CA /* NewWordCardView.swift */; };
		566762622B60084C00C3F1CA /* WordCardView.swift in Sources */ = {isa = PBXBuildFile; fileRef = 566762612B60084C00C3F1CA /* WordCardView.swift */; };
		566762642B60085E00C3F1CA /* WordCardsListView.swift in Sources */ = {isa = PBXBuildFile; fileRef = 566762632B60085E00C3F1CA /* WordCardsListView.swift */; };
		566762662B60087100C3F1CA /* WordView.swift in Sources */ = {isa = PBXBuildFile; fileRef = 566762652B60087100C3F1CA /* WordView.swift */; };
		566762682B60093F00C3F1CA /* Localizable.xcstrings in Resources */ = {isa = PBXBuildFile; fileRef = 566762672B60093F00C3F1CA /* Localizable.xcstrings */; };
		566BD4FB2D15E16E00628678 /* RevenueCat in Frameworks */ = {isa = PBXBuildFile; productRef = 566BD4FA2D15E16E00628678 /* RevenueCat */; };
		566BD4FD2D15E16E00628678 /* RevenueCatUI in Frameworks */ = {isa = PBXBuildFile; productRef = 566BD4FC2D15E16E00628678 /* RevenueCatUI */; };
		566BD4FF2D15E31300628678 /* TipJarView.swift in Sources */ = {isa = PBXBuildFile; fileRef = 566BD4FE2D15E31300628678 /* TipJarView.swift */; };
		566BD5022D15E4D700628678 /* IAPManager.swift in Sources */ = {isa = PBXBuildFile; fileRef = 566BD5012D15E4D700628678 /* IAPManager.swift */; };
		5684D3DA2B7D10BB008EEB16 /* Symbol.swift in Sources */ = {isa = PBXBuildFile; fileRef = 5684D3D92B7D10BB008EEB16 /* Symbol.swift */; };
		5684D3DC2B7D12AC008EEB16 /* ChooseColorView.swift in Sources */ = {isa = PBXBuildFile; fileRef = 5684D3DB2B7D12AC008EEB16 /* ChooseColorView.swift */; };
		5684D3DE2B7D1338008EEB16 /* ChooseSymbolView.swift in Sources */ = {isa = PBXBuildFile; fileRef = 5684D3DD2B7D1338008EEB16 /* ChooseSymbolView.swift */; };
		5684D3E12B7E059C008EEB16 /* OrderedCollections in Frameworks */ = {isa = PBXBuildFile; productRef = 5684D3E02B7E059C008EEB16 /* OrderedCollections */; };
		568B7E8D2BF5033A00FC4220 /* FlashwordWatchApp.swift in Sources */ = {isa = PBXBuildFile; fileRef = 568B7E8C2BF5033A00FC4220 /* FlashwordWatchApp.swift */; };
		568B7E912BF5033B00FC4220 /* Assets.xcassets in Resources */ = {isa = PBXBuildFile; fileRef = 568B7E902BF5033B00FC4220 /* Assets.xcassets */; };
		568B7E972BF5033B00FC4220 /* Flashword.app in Embed Watch Content */ = {isa = PBXBuildFile; fileRef = 568B7E8A2BF5033A00FC4220 /* Flashword.app */; settings = {ATTRIBUTES = (RemoveHeadersOnCopy, ); }; };
		568B7E9E2BF5056C00FC4220 /* ColorChoice.swift in Sources */ = {isa = PBXBuildFile; fileRef = 56D8C3A32B6AA23900D518AA /* ColorChoice.swift */; };
		568B7E9F2BF5056C00FC4220 /* Symbol.swift in Sources */ = {isa = PBXBuildFile; fileRef = 5684D3D92B7D10BB008EEB16 /* Symbol.swift */; };
		568B7EA02BF5056C00FC4220 /* Category.swift in Sources */ = {isa = PBXBuildFile; fileRef = 56C775A62B64082A00742E1F /* Category.swift */; };
		568B7EA12BF5056C00FC4220 /* Word.swift in Sources */ = {isa = PBXBuildFile; fileRef = 566762592B6007D800C3F1CA /* Word.swift */; };
		568B7EA22BF5056C00FC4220 /* ColorComponents.swift in Sources */ = {isa = PBXBuildFile; fileRef = 56C775A42B6407FD00742E1F /* ColorComponents.swift */; };
		568B7EA32BF5056C00FC4220 /* Router.swift in Sources */ = {isa = PBXBuildFile; fileRef = 566762572B6007B400C3F1CA /* Router.swift */; };
		568B7EBC2BF5069B00FC4220 /* OrderedCollections in Frameworks */ = {isa = PBXBuildFile; productRef = 568B7EBB2BF5069B00FC4220 /* OrderedCollections */; };
		568B7EBE2BF5070800FC4220 /* AppView.swift in Sources */ = {isa = PBXBuildFile; fileRef = 568B7EBD2BF5070800FC4220 /* AppView.swift */; };
		568B7EC02BF5078700FC4220 /* CategoryListView.swift in Sources */ = {isa = PBXBuildFile; fileRef = 568B7EBF2BF5078700FC4220 /* CategoryListView.swift */; };
		568B7EC42BF5088D00FC4220 /* CategoryListItemView.swift in Sources */ = {isa = PBXBuildFile; fileRef = 568B7EC32BF5088D00FC4220 /* CategoryListItemView.swift */; };
		568B7EC52BF508AD00FC4220 /* CategoryIcon.swift in Sources */ = {isa = PBXBuildFile; fileRef = 56CF966C2B6BA498008C4AA6 /* CategoryIcon.swift */; };
		568B7EC82BF509D100FC4220 /* BookmarksCategoryView.swift in Sources */ = {isa = PBXBuildFile; fileRef = 56DF21C82BF4B98F00406605 /* BookmarksCategoryView.swift */; };
		568B7EC92BF509D100FC4220 /* AllWordsCategoryView.swift in Sources */ = {isa = PBXBuildFile; fileRef = 56C775AE2B6413B800742E1F /* AllWordsCategoryView.swift */; };
		568B7ECA2BF509D100FC4220 /* RecentlyAddedWordsCategoryView.swift in Sources */ = {isa = PBXBuildFile; fileRef = 561876652B839CE1000EE909 /* RecentlyAddedWordsCategoryView.swift */; };
		568B7ECC2BF509E800FC4220 /* CategoryView.swift in Sources */ = {isa = PBXBuildFile; fileRef = 568B7ECB2BF509E800FC4220 /* CategoryView.swift */; };
		568B7ECE2BF50A8E00FC4220 /* WordCardsListView.swift in Sources */ = {isa = PBXBuildFile; fileRef = 568B7ECD2BF50A8E00FC4220 /* WordCardsListView.swift */; };
		568B7ED12BF50BB800FC4220 /* WordView.swift in Sources */ = {isa = PBXBuildFile; fileRef = 568B7ED02BF50BB800FC4220 /* WordView.swift */; };
		568CE83E2B70F77300A8482D /* NoCategoriesView.swift in Sources */ = {isa = PBXBuildFile; fileRef = 568CE83D2B70F77300A8482D /* NoCategoriesView.swift */; };
		569A13AD2D19A4A5007F4A39 /* DefaultColorView.swift in Sources */ = {isa = PBXBuildFile; fileRef = 569A13AC2D19A4A5007F4A39 /* DefaultColorView.swift */; };
		569A13AF2D19B780007F4A39 /* DictionariesExplanationView.swift in Sources */ = {isa = PBXBuildFile; fileRef = 569A13AE2D19B780007F4A39 /* DictionariesExplanationView.swift */; };
		56A778542C076532004570F9 /* AddWordView.swift in Sources */ = {isa = PBXBuildFile; fileRef = 56A778532C076532004570F9 /* AddWordView.swift */; };
		56AF22582BF7971D00E13EAC /* OptionalModifier.swift in Sources */ = {isa = PBXBuildFile; fileRef = 56AF22572BF7971D00E13EAC /* OptionalModifier.swift */; };
		56AF22592BF7971D00E13EAC /* OptionalModifier.swift in Sources */ = {isa = PBXBuildFile; fileRef = 56AF22572BF7971D00E13EAC /* OptionalModifier.swift */; };
		56C775A52B6407FD00742E1F /* ColorComponents.swift in Sources */ = {isa = PBXBuildFile; fileRef = 56C775A42B6407FD00742E1F /* ColorComponents.swift */; };
		56C775A72B64082A00742E1F /* Category.swift in Sources */ = {isa = PBXBuildFile; fileRef = 56C775A62B64082A00742E1F /* Category.swift */; };
		56C775A92B64096B00742E1F /* CategoryListView.swift in Sources */ = {isa = PBXBuildFile; fileRef = 56C775A82B64096B00742E1F /* CategoryListView.swift */; };
		56C775AB2B640BA700742E1F /* AddModifyCategoryView.swift in Sources */ = {isa = PBXBuildFile; fileRef = 56C775AA2B640BA700742E1F /* AddModifyCategoryView.swift */; };
		56C775AD2B64134A00742E1F /* CategoryView.swift in Sources */ = {isa = PBXBuildFile; fileRef = 56C775AC2B64134A00742E1F /* CategoryView.swift */; };
		56C775AF2B6413B800742E1F /* AllWordsCategoryView.swift in Sources */ = {isa = PBXBuildFile; fileRef = 56C775AE2B6413B800742E1F /* AllWordsCategoryView.swift */; };
		56CF96662B6B9705008C4AA6 /* ModifyNotesView.swift in Sources */ = {isa = PBXBuildFile; fileRef = 56CF96652B6B9705008C4AA6 /* ModifyNotesView.swift */; };
		56CF96682B6B9FB6008C4AA6 /* ShowDictionaryButton.swift in Sources */ = {isa = PBXBuildFile; fileRef = 56CF96672B6B9FB6008C4AA6 /* ShowDictionaryButton.swift */; };
		56CF966B2B6BA23E008C4AA6 /* AboutView.swift in Sources */ = {isa = PBXBuildFile; fileRef = 56CF966A2B6BA23E008C4AA6 /* AboutView.swift */; };
		56CF966D2B6BA498008C4AA6 /* CategoryIcon.swift in Sources */ = {isa = PBXBuildFile; fileRef = 56CF966C2B6BA498008C4AA6 /* CategoryIcon.swift */; };
		56D18A672E1585C70019062F /* SearchTabView.swift in Sources */ = {isa = PBXBuildFile; fileRef = 56D18A662E1585C70019062F /* SearchTabView.swift */; };
		56D8C3A42B6AA23900D518AA /* ColorChoice.swift in Sources */ = {isa = PBXBuildFile; fileRef = 56D8C3A32B6AA23900D518AA /* ColorChoice.swift */; };
		56DDCB5F2B6A9109002E4644 /* CategoryListItemView.swift in Sources */ = {isa = PBXBuildFile; fileRef = 56DDCB5E2B6A9109002E4644 /* CategoryListItemView.swift */; };
		56DF21C92BF4B98F00406605 /* BookmarksCategoryView.swift in Sources */ = {isa = PBXBuildFile; fileRef = 56DF21C82BF4B98F00406605 /* BookmarksCategoryView.swift */; };
		56E1FF312BF668CD00B169D6 /* WordCardView.swift in Sources */ = {isa = PBXBuildFile; fileRef = 56E1FF302BF668CD00B169D6 /* WordCardView.swift */; };
		56EAA53D2BF5F62900139375 /* Localizable.xcstrings in Resources */ = {isa = PBXBuildFile; fileRef = 566762672B60093F00C3F1CA /* Localizable.xcstrings */; };
		56FCE2932D141F31006B5D64 /* SettingsView.swift in Sources */ = {isa = PBXBuildFile; fileRef = 56FCE2922D141F31006B5D64 /* SettingsView.swift */; };
		56FCE2962D14269D006B5D64 /* Spotlight.swift in Sources */ = {isa = PBXBuildFile; fileRef = 56FCE2952D14269D006B5D64 /* Spotlight.swift */; };
		56FCE2992D1433F1006B5D64 /* Delegates.swift in Sources */ = {isa = PBXBuildFile; fileRef = 56FCE2982D1433F1006B5D64 /* Delegates.swift */; };
		56FCE29B2D143507006B5D64 /* QuickActionsManager.swift in Sources */ = {isa = PBXBuildFile; fileRef = 56FCE29A2D143500006B5D64 /* QuickActionsManager.swift */; };
		56FCE29E2D143A29006B5D64 /* InfoPlist.xcstrings in Resources */ = {isa = PBXBuildFile; fileRef = 56FCE29D2D143A29006B5D64 /* InfoPlist.xcstrings */; };
/* End PBXBuildFile section */

/* Begin PBXContainerItemProxy section */
		568B7E952BF5033B00FC4220 /* PBXContainerItemProxy */ = {
			isa = PBXContainerItemProxy;
			containerPortal = 5667623C2B60071500C3F1CA /* Project object */;
			proxyType = 1;
			remoteGlobalIDString = 568B7E892BF5033A00FC4220;
			remoteInfo = "FlashwordWatch Watch App";
		};
/* End PBXContainerItemProxy section */

/* Begin PBXCopyFilesBuildPhase section */
		568B7E982BF5033B00FC4220 /* Embed Watch Content */ = {
			isa = PBXCopyFilesBuildPhase;
			buildActionMask = 2147483647;
			dstPath = "$(CONTENTS_FOLDER_PATH)/Watch";
			dstSubfolderSpec = 16;
			files = (
				568B7E972BF5033B00FC4220 /* Flashword.app in Embed Watch Content */,
			);
			name = "Embed Watch Content";
			runOnlyForDeploymentPostprocessing = 0;
		};
/* End PBXCopyFilesBuildPhase section */

/* Begin PBXFileReference section */
		561876652B839CE1000EE909 /* RecentlyAddedWordsCategoryView.swift */ = {isa = PBXFileReference; lastKnownFileType = sourcecode.swift; path = RecentlyAddedWordsCategoryView.swift; sourceTree = "<group>"; };
		56203A252E153E00005A6EAD /* HomeTabView.swift */ = {isa = PBXFileReference; lastKnownFileType = sourcecode.swift; path = HomeTabView.swift; sourceTree = "<group>"; };
		562AE4EF2B65532300628C17 /* ChangeCategoryView.swift */ = {isa = PBXFileReference; lastKnownFileType = sourcecode.swift; path = ChangeCategoryView.swift; sourceTree = "<group>"; };
		564A5E1B2B6912D900F81BE3 /* ColorBlendedModifier.swift */ = {isa = PBXFileReference; lastKnownFileType = sourcecode.swift; path = ColorBlendedModifier.swift; sourceTree = "<group>"; };
		566762442B60071500C3F1CA /* Flashword.app */ = {isa = PBXFileReference; explicitFileType = wrapper.application; includeInIndex = 0; path = Flashword.app; sourceTree = BUILT_PRODUCTS_DIR; };
		566762472B60071500C3F1CA /* FlashwordApp.swift */ = {isa = PBXFileReference; lastKnownFileType = sourcecode.swift; path = FlashwordApp.swift; sourceTree = "<group>"; };
		5667624B2B60071600C3F1CA /* Assets.xcassets */ = {isa = PBXFileReference; lastKnownFileType = folder.assetcatalog; path = Assets.xcassets; sourceTree = "<group>"; };
		5667624E2B60071600C3F1CA /* Preview Assets.xcassets */ = {isa = PBXFileReference; lastKnownFileType = folder.assetcatalog; path = "Preview Assets.xcassets"; sourceTree = "<group>"; };
		566762572B6007B400C3F1CA /* Router.swift */ = {isa = PBXFileReference; lastKnownFileType = sourcecode.swift; path = Router.swift; sourceTree = "<group>"; };
		566762592B6007D800C3F1CA /* Word.swift */ = {isa = PBXFileReference; lastKnownFileType = sourcecode.swift; path = Word.swift; sourceTree = "<group>"; };
		5667625B2B60080000C3F1CA /* AppView.swift */ = {isa = PBXFileReference; lastKnownFileType = sourcecode.swift; path = AppView.swift; sourceTree = "<group>"; };
		5667625D2B60081C00C3F1CA /* DictionaryView.swift */ = {isa = PBXFileReference; lastKnownFileType = sourcecode.swift; path = DictionaryView.swift; sourceTree = "<group>"; };
		5667625F2B60083200C3F1CA /* NewWordCardView.swift */ = {isa = PBXFileReference; lastKnownFileType = sourcecode.swift; path = NewWordCardView.swift; sourceTree = "<group>"; };
		566762612B60084C00C3F1CA /* WordCardView.swift */ = {isa = PBXFileReference; lastKnownFileType = sourcecode.swift; path = WordCardView.swift; sourceTree = "<group>"; };
		566762632B60085E00C3F1CA /* WordCardsListView.swift */ = {isa = PBXFileReference; lastKnownFileType = sourcecode.swift; path = WordCardsListView.swift; sourceTree = "<group>"; };
		566762652B60087100C3F1CA /* WordView.swift */ = {isa = PBXFileReference; lastKnownFileType = sourcecode.swift; path = WordView.swift; sourceTree = "<group>"; };
		566762672B60093F00C3F1CA /* Localizable.xcstrings */ = {isa = PBXFileReference; lastKnownFileType = text.json.xcstrings; path = Localizable.xcstrings; sourceTree = "<group>"; };
		566BD4FE2D15E31300628678 /* TipJarView.swift */ = {isa = PBXFileReference; lastKnownFileType = sourcecode.swift; path = TipJarView.swift; sourceTree = "<group>"; };
		566BD5012D15E4D700628678 /* IAPManager.swift */ = {isa = PBXFileReference; lastKnownFileType = sourcecode.swift; path = IAPManager.swift; sourceTree = "<group>"; };
		5684D3D92B7D10BB008EEB16 /* Symbol.swift */ = {isa = PBXFileReference; lastKnownFileType = sourcecode.swift; path = Symbol.swift; sourceTree = "<group>"; };
		5684D3DB2B7D12AC008EEB16 /* ChooseColorView.swift */ = {isa = PBXFileReference; lastKnownFileType = sourcecode.swift; path = ChooseColorView.swift; sourceTree = "<group>"; };
		5684D3DD2B7D1338008EEB16 /* ChooseSymbolView.swift */ = {isa = PBXFileReference; lastKnownFileType = sourcecode.swift; path = ChooseSymbolView.swift; sourceTree = "<group>"; };
		568B7E8A2BF5033A00FC4220 /* Flashword.app */ = {isa = PBXFileReference; explicitFileType = wrapper.application; includeInIndex = 0; path = Flashword.app; sourceTree = BUILT_PRODUCTS_DIR; };
		568B7E8C2BF5033A00FC4220 /* FlashwordWatchApp.swift */ = {isa = PBXFileReference; lastKnownFileType = sourcecode.swift; path = FlashwordWatchApp.swift; sourceTree = "<group>"; };
		568B7E902BF5033B00FC4220 /* Assets.xcassets */ = {isa = PBXFileReference; lastKnownFileType = folder.assetcatalog; path = Assets.xcassets; sourceTree = "<group>"; };
		568B7EBD2BF5070800FC4220 /* AppView.swift */ = {isa = PBXFileReference; lastKnownFileType = sourcecode.swift; path = AppView.swift; sourceTree = "<group>"; };
		568B7EBF2BF5078700FC4220 /* CategoryListView.swift */ = {isa = PBXFileReference; lastKnownFileType = sourcecode.swift; path = CategoryListView.swift; sourceTree = "<group>"; };
		568B7EC32BF5088D00FC4220 /* CategoryListItemView.swift */ = {isa = PBXFileReference; lastKnownFileType = sourcecode.swift; path = CategoryListItemView.swift; sourceTree = "<group>"; };
		568B7ECB2BF509E800FC4220 /* CategoryView.swift */ = {isa = PBXFileReference; lastKnownFileType = sourcecode.swift; path = CategoryView.swift; sourceTree = "<group>"; };
		568B7ECD2BF50A8E00FC4220 /* WordCardsListView.swift */ = {isa = PBXFileReference; lastKnownFileType = sourcecode.swift; path = WordCardsListView.swift; sourceTree = "<group>"; };
		568B7ED02BF50BB800FC4220 /* WordView.swift */ = {isa = PBXFileReference; lastKnownFileType = sourcecode.swift; path = WordView.swift; sourceTree = "<group>"; };
		568B7ED22BF50CDF00FC4220 /* FlashwordWatch-Watch-App-Info.plist */ = {isa = PBXFileReference; lastKnownFileType = text.plist; path = "FlashwordWatch-Watch-App-Info.plist"; sourceTree = SOURCE_ROOT; };
		568B7ED32BF50CEC00FC4220 /* FlashwordWatch Watch App.entitlements */ = {isa = PBXFileReference; lastKnownFileType = text.plist.entitlements; path = "FlashwordWatch Watch App.entitlements"; sourceTree = "<group>"; };
		568CE83D2B70F77300A8482D /* NoCategoriesView.swift */ = {isa = PBXFileReference; lastKnownFileType = sourcecode.swift; path = NoCategoriesView.swift; sourceTree = "<group>"; };
		569A13AC2D19A4A5007F4A39 /* DefaultColorView.swift */ = {isa = PBXFileReference; lastKnownFileType = sourcecode.swift; path = DefaultColorView.swift; sourceTree = "<group>"; };
		569A13AE2D19B780007F4A39 /* DictionariesExplanationView.swift */ = {isa = PBXFileReference; lastKnownFileType = sourcecode.swift; path = DictionariesExplanationView.swift; sourceTree = "<group>"; };
		569B731E2B89FFE400F06012 /* Flashword.entitlements */ = {isa = PBXFileReference; lastKnownFileType = text.plist.entitlements; path = Flashword.entitlements; sourceTree = "<group>"; };
		56A778532C076532004570F9 /* AddWordView.swift */ = {isa = PBXFileReference; lastKnownFileType = sourcecode.swift; path = AddWordView.swift; sourceTree = "<group>"; };
		56AF22572BF7971D00E13EAC /* OptionalModifier.swift */ = {isa = PBXFileReference; lastKnownFileType = sourcecode.swift; path = OptionalModifier.swift; sourceTree = "<group>"; };
		56B4E1202B6D017600E0983C /* Info.plist */ = {isa = PBXFileReference; lastKnownFileType = text.plist; path = Info.plist; sourceTree = "<group>"; };
		56C775A42B6407FD00742E1F /* ColorComponents.swift */ = {isa = PBXFileReference; lastKnownFileType = sourcecode.swift; path = ColorComponents.swift; sourceTree = "<group>"; };
		56C775A62B64082A00742E1F /* Category.swift */ = {isa = PBXFileReference; lastKnownFileType = sourcecode.swift; path = Category.swift; sourceTree = "<group>"; };
		56C775A82B64096B00742E1F /* CategoryListView.swift */ = {isa = PBXFileReference; lastKnownFileType = sourcecode.swift; path = CategoryListView.swift; sourceTree = "<group>"; };
		56C775AA2B640BA700742E1F /* AddModifyCategoryView.swift */ = {isa = PBXFileReference; lastKnownFileType = sourcecode.swift; path = AddModifyCategoryView.swift; sourceTree = "<group>"; };
		56C775AC2B64134A00742E1F /* CategoryView.swift */ = {isa = PBXFileReference; lastKnownFileType = sourcecode.swift; path = CategoryView.swift; sourceTree = "<group>"; };
		56C775AE2B6413B800742E1F /* AllWordsCategoryView.swift */ = {isa = PBXFileReference; lastKnownFileType = sourcecode.swift; path = AllWordsCategoryView.swift; sourceTree = "<group>"; };
		56CF96652B6B9705008C4AA6 /* ModifyNotesView.swift */ = {isa = PBXFileReference; lastKnownFileType = sourcecode.swift; path = ModifyNotesView.swift; sourceTree = "<group>"; };
		56CF96672B6B9FB6008C4AA6 /* ShowDictionaryButton.swift */ = {isa = PBXFileReference; lastKnownFileType = sourcecode.swift; path = ShowDictionaryButton.swift; sourceTree = "<group>"; };
		56CF966A2B6BA23E008C4AA6 /* AboutView.swift */ = {isa = PBXFileReference; lastKnownFileType = sourcecode.swift; path = AboutView.swift; sourceTree = "<group>"; };
		56CF966C2B6BA498008C4AA6 /* CategoryIcon.swift */ = {isa = PBXFileReference; lastKnownFileType = sourcecode.swift; path = CategoryIcon.swift; sourceTree = "<group>"; };
		56D18A662E1585C70019062F /* SearchTabView.swift */ = {isa = PBXFileReference; lastKnownFileType = sourcecode.swift; path = SearchTabView.swift; sourceTree = "<group>"; };
		56D8C3A32B6AA23900D518AA /* ColorChoice.swift */ = {isa = PBXFileReference; lastKnownFileType = sourcecode.swift; path = ColorChoice.swift; sourceTree = "<group>"; };
		56DDCB5E2B6A9109002E4644 /* CategoryListItemView.swift */ = {isa = PBXFileReference; lastKnownFileType = sourcecode.swift; path = CategoryListItemView.swift; sourceTree = "<group>"; };
		56DF21C82BF4B98F00406605 /* BookmarksCategoryView.swift */ = {isa = PBXFileReference; lastKnownFileType = sourcecode.swift; path = BookmarksCategoryView.swift; sourceTree = "<group>"; };
		56E1FF302BF668CD00B169D6 /* WordCardView.swift */ = {isa = PBXFileReference; lastKnownFileType = sourcecode.swift; path = WordCardView.swift; sourceTree = "<group>"; };
		56FCE2922D141F31006B5D64 /* SettingsView.swift */ = {isa = PBXFileReference; lastKnownFileType = sourcecode.swift; path = SettingsView.swift; sourceTree = "<group>"; };
		56FCE2952D14269D006B5D64 /* Spotlight.swift */ = {isa = PBXFileReference; lastKnownFileType = sourcecode.swift; path = Spotlight.swift; sourceTree = "<group>"; };
		56FCE2982D1433F1006B5D64 /* Delegates.swift */ = {isa = PBXFileReference; lastKnownFileType = sourcecode.swift; path = Delegates.swift; sourceTree = "<group>"; };
		56FCE29A2D143500006B5D64 /* QuickActionsManager.swift */ = {isa = PBXFileReference; lastKnownFileType = sourcecode.swift; path = QuickActionsManager.swift; sourceTree = "<group>"; };
		56FCE29D2D143A29006B5D64 /* InfoPlist.xcstrings */ = {isa = PBXFileReference; lastKnownFileType = text.json.xcstrings; path = InfoPlist.xcstrings; sourceTree = "<group>"; };
/* End PBXFileReference section */

/* Begin PBXFrameworksBuildPhase section */
		566762412B60071500C3F1CA /* Frameworks */ = {
			isa = PBXFrameworksBuildPhase;
			buildActionMask = 2147483647;
			files = (
				566BD4FB2D15E16E00628678 /* RevenueCat in Frameworks */,
				5684D3E12B7E059C008EEB16 /* OrderedCollections in Frameworks */,
				566BD4FD2D15E16E00628678 /* RevenueCatUI in Frameworks */,
			);
			runOnlyForDeploymentPostprocessing = 0;
		};
		568B7E872BF5033A00FC4220 /* Frameworks */ = {
			isa = PBXFrameworksBuildPhase;
			buildActionMask = 2147483647;
			files = (
				568B7EBC2BF5069B00FC4220 /* OrderedCollections in Frameworks */,
			);
			runOnlyForDeploymentPostprocessing = 0;
		};
/* End PBXFrameworksBuildPhase section */

/* Begin PBXGroup section */
		56203A242E153D9E005A6EAD /* Tabs */ = {
			isa = PBXGroup;
			children = (
				56203A252E153E00005A6EAD /* HomeTabView.swift */,
				56D18A662E1585C70019062F /* SearchTabView.swift */,
			);
			path = Tabs;
			sourceTree = "<group>";
		};
		5667623B2B60071500C3F1CA = {
			isa = PBXGroup;
			children = (
				566762462B60071500C3F1CA /* Flashword */,
				568B7E8B2BF5033A00FC4220 /* FlashwordWatch Watch App */,
				566762452B60071500C3F1CA /* Products */,
				568B7EBA2BF5069B00FC4220 /* Frameworks */,
			);
			sourceTree = "<group>";
		};
		566762452B60071500C3F1CA /* Products */ = {
			isa = PBXGroup;
			children = (
				566762442B60071500C3F1CA /* Flashword.app */,
				568B7E8A2BF5033A00FC4220 /* Flashword.app */,
			);
			name = Products;
			sourceTree = "<group>";
		};
		566762462B60071500C3F1CA /* Flashword */ = {
			isa = PBXGroup;
			children = (
				569B731E2B89FFE400F06012 /* Flashword.entitlements */,
				56B4E1202B6D017600E0983C /* Info.plist */,
				56FCE2972D1433E0006B5D64 /* Delegates */,
				566BD5002D15E4AD00628678 /* In-app purchases */,
				566762552B6007A200C3F1CA /* Model */,
				56FCE2942D142684006B5D64 /* Functions */,
				566762562B6007A700C3F1CA /* View */,
				566762472B60071500C3F1CA /* FlashwordApp.swift */,
				5667624B2B60071600C3F1CA /* Assets.xcassets */,
				566762672B60093F00C3F1CA /* Localizable.xcstrings */,
				56FCE29D2D143A29006B5D64 /* InfoPlist.xcstrings */,
				5667624D2B60071600C3F1CA /* Preview Content */,
			);
			path = Flashword;
			sourceTree = "<group>";
		};
		5667624D2B60071600C3F1CA /* Preview Content */ = {
			isa = PBXGroup;
			children = (
				5667624E2B60071600C3F1CA /* Preview Assets.xcassets */,
			);
			path = "Preview Content";
			sourceTree = "<group>";
		};
		566762552B6007A200C3F1CA /* Model */ = {
			isa = PBXGroup;
			children = (
				56C775A62B64082A00742E1F /* Category.swift */,
				56D8C3A32B6AA23900D518AA /* ColorChoice.swift */,
				56C775A42B6407FD00742E1F /* ColorComponents.swift */,
				566762572B6007B400C3F1CA /* Router.swift */,
				5684D3D92B7D10BB008EEB16 /* Symbol.swift */,
				566762592B6007D800C3F1CA /* Word.swift */,
			);
			path = Model;
			sourceTree = "<group>";
		};
		566762562B6007A700C3F1CA /* View */ = {
			isa = PBXGroup;
			children = (
				5667625B2B60080000C3F1CA /* AppView.swift */,
				564A5E1B2B6912D900F81BE3 /* ColorBlendedModifier.swift */,
				56AF22572BF7971D00E13EAC /* OptionalModifier.swift */,
				56D8C3A02B6AA17900D518AA /* Add category screen */,
				56DDCB5B2B6A8E8D002E4644 /* Categories screen */,
				56CF96692B6BA209008C4AA6 /* Settings screen */,
				56DDCB5C2B6A8EEB002E4644 /* Single category screen */,
				56203A242E153D9E005A6EAD /* Tabs */,
				56DDCB5D2B6A8F12002E4644 /* Word screen */,
			);
			path = View;
			sourceTree = "<group>";
		};
		566BD5002D15E4AD00628678 /* In-app purchases */ = {
			isa = PBXGroup;
			children = (
				566BD5012D15E4D700628678 /* IAPManager.swift */,
			);
			path = "In-app purchases";
			sourceTree = "<group>";
		};
		568B7E8B2BF5033A00FC4220 /* FlashwordWatch Watch App */ = {
			isa = PBXGroup;
			children = (
				568B7ED32BF50CEC00FC4220 /* FlashwordWatch Watch App.entitlements */,
				568B7ED22BF50CDF00FC4220 /* FlashwordWatch-Watch-App-Info.plist */,
				568B7EBD2BF5070800FC4220 /* AppView.swift */,
				568B7E8C2BF5033A00FC4220 /* FlashwordWatchApp.swift */,
				568B7EC62BF5091F00FC4220 /* Categories screen */,
				568B7EC72BF5097B00FC4220 /* Single category screen */,
				568B7ECF2BF50B9900FC4220 /* Word screen */,
				568B7E902BF5033B00FC4220 /* Assets.xcassets */,
			);
			path = "FlashwordWatch Watch App";
			sourceTree = "<group>";
		};
		568B7EBA2BF5069B00FC4220 /* Frameworks */ = {
			isa = PBXGroup;
			children = (
			);
			name = Frameworks;
			sourceTree = "<group>";
		};
		568B7EC62BF5091F00FC4220 /* Categories screen */ = {
			isa = PBXGroup;
			children = (
				568B7EC32BF5088D00FC4220 /* CategoryListItemView.swift */,
				568B7EBF2BF5078700FC4220 /* CategoryListView.swift */,
			);
			path = "Categories screen";
			sourceTree = "<group>";
		};
		568B7EC72BF5097B00FC4220 /* Single category screen */ = {
			isa = PBXGroup;
			children = (
				56A778532C076532004570F9 /* AddWordView.swift */,
				568B7ECB2BF509E800FC4220 /* CategoryView.swift */,
				568B7ECD2BF50A8E00FC4220 /* WordCardsListView.swift */,
				56E1FF302BF668CD00B169D6 /* WordCardView.swift */,
			);
			path = "Single category screen";
			sourceTree = "<group>";
		};
		568B7ECF2BF50B9900FC4220 /* Word screen */ = {
			isa = PBXGroup;
			children = (
				568B7ED02BF50BB800FC4220 /* WordView.swift */,
			);
			path = "Word screen";
			sourceTree = "<group>";
		};
		56CF96692B6BA209008C4AA6 /* Settings screen */ = {
			isa = PBXGroup;
			children = (
				56CF966A2B6BA23E008C4AA6 /* AboutView.swift */,
				569A13AC2D19A4A5007F4A39 /* DefaultColorView.swift */,
				569A13AE2D19B780007F4A39 /* DictionariesExplanationView.swift */,
				56FCE2922D141F31006B5D64 /* SettingsView.swift */,
				566BD4FE2D15E31300628678 /* TipJarView.swift */,
			);
			path = "Settings screen";
			sourceTree = "<group>";
		};
		56D8C3A02B6AA17900D518AA /* Add category screen */ = {
			isa = PBXGroup;
			children = (
				56C775AA2B640BA700742E1F /* AddModifyCategoryView.swift */,
				5684D3DB2B7D12AC008EEB16 /* ChooseColorView.swift */,
				5684D3DD2B7D1338008EEB16 /* ChooseSymbolView.swift */,
			);
			path = "Add category screen";
			sourceTree = "<group>";
		};
		56DDCB5B2B6A8E8D002E4644 /* Categories screen */ = {
			isa = PBXGroup;
			children = (
				56CF966C2B6BA498008C4AA6 /* CategoryIcon.swift */,
				56DDCB5E2B6A9109002E4644 /* CategoryListItemView.swift */,
				56C775A82B64096B00742E1F /* CategoryListView.swift */,
				568CE83D2B70F77300A8482D /* NoCategoriesView.swift */,
			);
			path = "Categories screen";
			sourceTree = "<group>";
		};
		56DDCB5C2B6A8EEB002E4644 /* Single category screen */ = {
			isa = PBXGroup;
			children = (
				56C775AE2B6413B800742E1F /* AllWordsCategoryView.swift */,
				56C775AC2B64134A00742E1F /* CategoryView.swift */,
				5667625F2B60083200C3F1CA /* NewWordCardView.swift */,
				561876652B839CE1000EE909 /* RecentlyAddedWordsCategoryView.swift */,
				566762632B60085E00C3F1CA /* WordCardsListView.swift */,
				566762612B60084C00C3F1CA /* WordCardView.swift */,
				56DF21C82BF4B98F00406605 /* BookmarksCategoryView.swift */,
			);
			path = "Single category screen";
			sourceTree = "<group>";
		};
		56DDCB5D2B6A8F12002E4644 /* Word screen */ = {
			isa = PBXGroup;
			children = (
				562AE4EF2B65532300628C17 /* ChangeCategoryView.swift */,
				5667625D2B60081C00C3F1CA /* DictionaryView.swift */,
				56CF96652B6B9705008C4AA6 /* ModifyNotesView.swift */,
				56CF96672B6B9FB6008C4AA6 /* ShowDictionaryButton.swift */,
				566762652B60087100C3F1CA /* WordView.swift */,
			);
			path = "Word screen";
			sourceTree = "<group>";
		};
		56FCE2942D142684006B5D64 /* Functions */ = {
			isa = PBXGroup;
			children = (
				56FCE2952D14269D006B5D64 /* Spotlight.swift */,
			);
			path = Functions;
			sourceTree = "<group>";
		};
		56FCE2972D1433E0006B5D64 /* Delegates */ = {
			isa = PBXGroup;
			children = (
				56FCE29A2D143500006B5D64 /* QuickActionsManager.swift */,
				56FCE2982D1433F1006B5D64 /* Delegates.swift */,
			);
			path = Delegates;
			sourceTree = "<group>";
		};
/* End PBXGroup section */

/* Begin PBXNativeTarget section */
		566762432B60071500C3F1CA /* Flashword */ = {
			isa = PBXNativeTarget;
			buildConfigurationList = 566762522B60071600C3F1CA /* Build configuration list for PBXNativeTarget "Flashword" */;
			buildPhases = (
				566762402B60071500C3F1CA /* Sources */,
				566762412B60071500C3F1CA /* Frameworks */,
				566762422B60071500C3F1CA /* Resources */,
				568B7E982BF5033B00FC4220 /* Embed Watch Content */,
			);
			buildRules = (
			);
			dependencies = (
				568B7E962BF5033B00FC4220 /* PBXTargetDependency */,
			);
			name = Flashword;
			packageProductDependencies = (
				5684D3E02B7E059C008EEB16 /* OrderedCollections */,
				566BD4FA2D15E16E00628678 /* RevenueCat */,
				566BD4FC2D15E16E00628678 /* RevenueCatUI */,
			);
			productName = Flashword;
			productReference = 566762442B60071500C3F1CA /* Flashword.app */;
			productType = "com.apple.product-type.application";
		};
		568B7E892BF5033A00FC4220 /* FlashwordWatch Watch App */ = {
			isa = PBXNativeTarget;
			buildConfigurationList = 568B7E9B2BF5033B00FC4220 /* Build configuration list for PBXNativeTarget "FlashwordWatch Watch App" */;
			buildPhases = (
				568B7E862BF5033A00FC4220 /* Sources */,
				568B7E872BF5033A00FC4220 /* Frameworks */,
				568B7E882BF5033A00FC4220 /* Resources */,
			);
			buildRules = (
			);
			dependencies = (
			);
			name = "FlashwordWatch Watch App";
			packageProductDependencies = (
				568B7EBB2BF5069B00FC4220 /* OrderedCollections */,
			);
			productName = "FlashwordWatch Watch App";
			productReference = 568B7E8A2BF5033A00FC4220 /* Flashword.app */;
			productType = "com.apple.product-type.application";
		};
/* End PBXNativeTarget section */

/* Begin PBXProject section */
		5667623C2B60071500C3F1CA /* Project object */ = {
			isa = PBXProject;
			attributes = {
				BuildIndependentTargetsInParallel = 1;
				LastSwiftUpdateCheck = 1530;
				LastUpgradeCheck = 2600;
				TargetAttributes = {
					566762432B60071500C3F1CA = {
						CreatedOnToolsVersion = 15.2;
					};
					568B7E892BF5033A00FC4220 = {
						CreatedOnToolsVersion = 15.3;
					};
				};
			};
			buildConfigurationList = 5667623F2B60071500C3F1CA /* Build configuration list for PBXProject "Flashword" */;
			compatibilityVersion = "Xcode 14.0";
			developmentRegion = en;
			hasScannedForEncodings = 0;
			knownRegions = (
				en,
				Base,
				it,
			);
			mainGroup = 5667623B2B60071500C3F1CA;
			packageReferences = (
				5684D3DF2B7E059C008EEB16 /* XCRemoteSwiftPackageReference "swift-collections" */,
				566BD4F92D15E16E00628678 /* XCRemoteSwiftPackageReference "purchases-ios-spm" */,
			);
			productRefGroup = 566762452B60071500C3F1CA /* Products */;
			projectDirPath = "";
			projectRoot = "";
			targets = (
				566762432B60071500C3F1CA /* Flashword */,
				568B7E892BF5033A00FC4220 /* FlashwordWatch Watch App */,
			);
		};
/* End PBXProject section */

/* Begin PBXResourcesBuildPhase section */
		566762422B60071500C3F1CA /* Resources */ = {
			isa = PBXResourcesBuildPhase;
			buildActionMask = 2147483647;
			files = (
				5667624F2B60071600C3F1CA /* Preview Assets.xcassets in Resources */,
				5667624C2B60071600C3F1CA /* Assets.xcassets in Resources */,
				56FCE29E2D143A29006B5D64 /* InfoPlist.xcstrings in Resources */,
				566762682B60093F00C3F1CA /* Localizable.xcstrings in Resources */,
			);
			runOnlyForDeploymentPostprocessing = 0;
		};
		568B7E882BF5033A00FC4220 /* Resources */ = {
			isa = PBXResourcesBuildPhase;
			buildActionMask = 2147483647;
			files = (
				56EAA53D2BF5F62900139375 /* Localizable.xcstrings in Resources */,
				568B7E912BF5033B00FC4220 /* Assets.xcassets in Resources */,
			);
			runOnlyForDeploymentPostprocessing = 0;
		};
/* End PBXResourcesBuildPhase section */

/* Begin PBXSourcesBuildPhase section */
		566762402B60071500C3F1CA /* Sources */ = {
			isa = PBXSourcesBuildPhase;
			buildActionMask = 2147483647;
			files = (
				566BD5022D15E4D700628678 /* IAPManager.swift in Sources */,
				56FCE2992D1433F1006B5D64 /* Delegates.swift in Sources */,
				56CF96662B6B9705008C4AA6 /* ModifyNotesView.swift in Sources */,
				56203A262E153E00005A6EAD /* HomeTabView.swift in Sources */,
				56CF96682B6B9FB6008C4AA6 /* ShowDictionaryButton.swift in Sources */,
				56CF966B2B6BA23E008C4AA6 /* AboutView.swift in Sources */,
				56D18A672E1585C70019062F /* SearchTabView.swift in Sources */,
				5667625A2B6007D800C3F1CA /* Word.swift in Sources */,
				566762582B6007B400C3F1CA /* Router.swift in Sources */,
				569A13AF2D19B780007F4A39 /* DictionariesExplanationView.swift in Sources */,
				562AE4F02B65532300628C17 /* ChangeCategoryView.swift in Sources */,
				56DDCB5F2B6A9109002E4644 /* CategoryListItemView.swift in Sources */,
				5684D3DC2B7D12AC008EEB16 /* ChooseColorView.swift in Sources */,
				56FCE2962D14269D006B5D64 /* Spotlight.swift in Sources */,
				566762642B60085E00C3F1CA /* WordCardsListView.swift in Sources */,
				5684D3DE2B7D1338008EEB16 /* ChooseSymbolView.swift in Sources */,
				56CF966D2B6BA498008C4AA6 /* CategoryIcon.swift in Sources */,
				56FCE29B2D143507006B5D64 /* QuickActionsManager.swift in Sources */,
				56D8C3A42B6AA23900D518AA /* ColorChoice.swift in Sources */,
				56C775A52B6407FD00742E1F /* ColorComponents.swift in Sources */,
				5667625C2B60080000C3F1CA /* AppView.swift in Sources */,
				56AF22582BF7971D00E13EAC /* OptionalModifier.swift in Sources */,
				56C775AB2B640BA700742E1F /* AddModifyCategoryView.swift in Sources */,
				5667625E2B60081C00C3F1CA /* DictionaryView.swift in Sources */,
				56C775A92B64096B00742E1F /* CategoryListView.swift in Sources */,
				569A13AD2D19A4A5007F4A39 /* DefaultColorView.swift in Sources */,
				56C775AD2B64134A00742E1F /* CategoryView.swift in Sources */,
				56DF21C92BF4B98F00406605 /* BookmarksCategoryView.swift in Sources */,
				566762662B60087100C3F1CA /* WordView.swift in Sources */,
				566762602B60083200C3F1CA /* NewWordCardView.swift in Sources */,
				566BD4FF2D15E31300628678 /* TipJarView.swift in Sources */,
				566762622B60084C00C3F1CA /* WordCardView.swift in Sources */,
				56C775AF2B6413B800742E1F /* AllWordsCategoryView.swift in Sources */,
				566762482B60071500C3F1CA /* FlashwordApp.swift in Sources */,
				5684D3DA2B7D10BB008EEB16 /* Symbol.swift in Sources */,
				561876662B839CE1000EE909 /* RecentlyAddedWordsCategoryView.swift in Sources */,
				564A5E1C2B6912D900F81BE3 /* ColorBlendedModifier.swift in Sources */,
				56C775A72B64082A00742E1F /* Category.swift in Sources */,
				56FCE2932D141F31006B5D64 /* SettingsView.swift in Sources */,
				568CE83E2B70F77300A8482D /* NoCategoriesView.swift in Sources */,
			);
			runOnlyForDeploymentPostprocessing = 0;
		};
		568B7E862BF5033A00FC4220 /* Sources */ = {
			isa = PBXSourcesBuildPhase;
			buildActionMask = 2147483647;
			files = (
				568B7EC52BF508AD00FC4220 /* CategoryIcon.swift in Sources */,
				568B7E9E2BF5056C00FC4220 /* ColorChoice.swift in Sources */,
				56E1FF312BF668CD00B169D6 /* WordCardView.swift in Sources */,
				56A778542C076532004570F9 /* AddWordView.swift in Sources */,
				568B7E9F2BF5056C00FC4220 /* Symbol.swift in Sources */,
				568B7EBE2BF5070800FC4220 /* AppView.swift in Sources */,
				568B7EC82BF509D100FC4220 /* BookmarksCategoryView.swift in Sources */,
				568B7ECC2BF509E800FC4220 /* CategoryView.swift in Sources */,
				568B7EC92BF509D100FC4220 /* AllWordsCategoryView.swift in Sources */,
				568B7ECA2BF509D100FC4220 /* RecentlyAddedWordsCategoryView.swift in Sources */,
				568B7EA02BF5056C00FC4220 /* Category.swift in Sources */,
				568B7ECE2BF50A8E00FC4220 /* WordCardsListView.swift in Sources */,
				568B7EC42BF5088D00FC4220 /* CategoryListItemView.swift in Sources */,
				568B7EC02BF5078700FC4220 /* CategoryListView.swift in Sources */,
				56AF22592BF7971D00E13EAC /* OptionalModifier.swift in Sources */,
				568B7EA12BF5056C00FC4220 /* Word.swift in Sources */,
				568B7ED12BF50BB800FC4220 /* WordView.swift in Sources */,
				568B7EA22BF5056C00FC4220 /* ColorComponents.swift in Sources */,
				568B7EA32BF5056C00FC4220 /* Router.swift in Sources */,
				568B7E8D2BF5033A00FC4220 /* FlashwordWatchApp.swift in Sources */,
			);
			runOnlyForDeploymentPostprocessing = 0;
		};
/* End PBXSourcesBuildPhase section */

/* Begin PBXTargetDependency section */
		568B7E962BF5033B00FC4220 /* PBXTargetDependency */ = {
			isa = PBXTargetDependency;
			target = 568B7E892BF5033A00FC4220 /* FlashwordWatch Watch App */;
			targetProxy = 568B7E952BF5033B00FC4220 /* PBXContainerItemProxy */;
		};
/* End PBXTargetDependency section */

/* Begin XCBuildConfiguration section */
		566762502B60071600C3F1CA /* Debug */ = {
			isa = XCBuildConfiguration;
			buildSettings = {
				ALWAYS_SEARCH_USER_PATHS = NO;
				ASSETCATALOG_COMPILER_GENERATE_SWIFT_ASSET_SYMBOL_EXTENSIONS = YES;
				CLANG_ANALYZER_LOCALIZABILITY_NONLOCALIZED = YES;
				CLANG_ANALYZER_NONNULL = YES;
				CLANG_ANALYZER_NUMBER_OBJECT_CONVERSION = YES_AGGRESSIVE;
				CLANG_CXX_LANGUAGE_STANDARD = "gnu++20";
				CLANG_ENABLE_MODULES = YES;
				CLANG_ENABLE_OBJC_ARC = YES;
				CLANG_ENABLE_OBJC_WEAK = YES;
				CLANG_WARN_BLOCK_CAPTURE_AUTORELEASING = YES;
				CLANG_WARN_BOOL_CONVERSION = YES;
				CLANG_WARN_COMMA = YES;
				CLANG_WARN_CONSTANT_CONVERSION = YES;
				CLANG_WARN_DEPRECATED_OBJC_IMPLEMENTATIONS = YES;
				CLANG_WARN_DIRECT_OBJC_ISA_USAGE = YES_ERROR;
				CLANG_WARN_DOCUMENTATION_COMMENTS = YES;
				CLANG_WARN_EMPTY_BODY = YES;
				CLANG_WARN_ENUM_CONVERSION = YES;
				CLANG_WARN_INFINITE_RECURSION = YES;
				CLANG_WARN_INT_CONVERSION = YES;
				CLANG_WARN_NON_LITERAL_NULL_CONVERSION = YES;
				CLANG_WARN_OBJC_IMPLICIT_RETAIN_SELF = YES;
				CLANG_WARN_OBJC_LITERAL_CONVERSION = YES;
				CLANG_WARN_OBJC_ROOT_CLASS = YES_ERROR;
				CLANG_WARN_QUOTED_INCLUDE_IN_FRAMEWORK_HEADER = YES;
				CLANG_WARN_RANGE_LOOP_ANALYSIS = YES;
				CLANG_WARN_STRICT_PROTOTYPES = YES;
				CLANG_WARN_SUSPICIOUS_MOVE = YES;
				CLANG_WARN_UNGUARDED_AVAILABILITY = YES_AGGRESSIVE;
				CLANG_WARN_UNREACHABLE_CODE = YES;
				CLANG_WARN__DUPLICATE_METHOD_MATCH = YES;
				COPY_PHASE_STRIP = NO;
				CURRENT_PROJECT_VERSION = 1;
				DEBUG_INFORMATION_FORMAT = dwarf;
				DEVELOPMENT_TEAM = B3VCF8Y7QJ;
				ENABLE_STRICT_OBJC_MSGSEND = YES;
				ENABLE_TESTABILITY = YES;
				ENABLE_USER_SCRIPT_SANDBOXING = YES;
				GCC_C_LANGUAGE_STANDARD = gnu17;
				GCC_DYNAMIC_NO_PIC = NO;
				GCC_NO_COMMON_BLOCKS = YES;
				GCC_OPTIMIZATION_LEVEL = 0;
				GCC_PREPROCESSOR_DEFINITIONS = (
					"DEBUG=1",
					"$(inherited)",
				);
				GCC_WARN_64_TO_32_BIT_CONVERSION = YES;
				GCC_WARN_ABOUT_RETURN_TYPE = YES_ERROR;
				GCC_WARN_UNDECLARED_SELECTOR = YES;
				GCC_WARN_UNINITIALIZED_AUTOS = YES_AGGRESSIVE;
				GCC_WARN_UNUSED_FUNCTION = YES;
				GCC_WARN_UNUSED_VARIABLE = YES;
				IPHONEOS_DEPLOYMENT_TARGET = 26.0;
				LOCALIZATION_PREFERS_STRING_CATALOGS = YES;
				MARKETING_VERSION = 4.0;
				MTL_ENABLE_DEBUG_INFO = INCLUDE_SOURCE;
				MTL_FAST_MATH = YES;
				ONLY_ACTIVE_ARCH = YES;
				SDKROOT = iphoneos;
				STRING_CATALOG_GENERATE_SYMBOLS = YES;
				SWIFT_ACTIVE_COMPILATION_CONDITIONS = "DEBUG $(inherited)";
				SWIFT_EMIT_LOC_STRINGS = YES;
				SWIFT_OPTIMIZATION_LEVEL = "-Onone";
				WATCHOS_DEPLOYMENT_TARGET = 26.0;
			};
			name = Debug;
		};
		566762512B60071600C3F1CA /* Release */ = {
			isa = XCBuildConfiguration;
			buildSettings = {
				ALWAYS_SEARCH_USER_PATHS = NO;
				ASSETCATALOG_COMPILER_GENERATE_SWIFT_ASSET_SYMBOL_EXTENSIONS = YES;
				CLANG_ANALYZER_LOCALIZABILITY_NONLOCALIZED = YES;
				CLANG_ANALYZER_NONNULL = YES;
				CLANG_ANALYZER_NUMBER_OBJECT_CONVERSION = YES_AGGRESSIVE;
				CLANG_CXX_LANGUAGE_STANDARD = "gnu++20";
				CLANG_ENABLE_MODULES = YES;
				CLANG_ENABLE_OBJC_ARC = YES;
				CLANG_ENABLE_OBJC_WEAK = YES;
				CLANG_WARN_BLOCK_CAPTURE_AUTORELEASING = YES;
				CLANG_WARN_BOOL_CONVERSION = YES;
				CLANG_WARN_COMMA = YES;
				CLANG_WARN_CONSTANT_CONVERSION = YES;
				CLANG_WARN_DEPRECATED_OBJC_IMPLEMENTATIONS = YES;
				CLANG_WARN_DIRECT_OBJC_ISA_USAGE = YES_ERROR;
				CLANG_WARN_DOCUMENTATION_COMMENTS = YES;
				CLANG_WARN_EMPTY_BODY = YES;
				CLANG_WARN_ENUM_CONVERSION = YES;
				CLANG_WARN_INFINITE_RECURSION = YES;
				CLANG_WARN_INT_CONVERSION = YES;
				CLANG_WARN_NON_LITERAL_NULL_CONVERSION = YES;
				CLANG_WARN_OBJC_IMPLICIT_RETAIN_SELF = YES;
				CLANG_WARN_OBJC_LITERAL_CONVERSION = YES;
				CLANG_WARN_OBJC_ROOT_CLASS = YES_ERROR;
				CLANG_WARN_QUOTED_INCLUDE_IN_FRAMEWORK_HEADER = YES;
				CLANG_WARN_RANGE_LOOP_ANALYSIS = YES;
				CLANG_WARN_STRICT_PROTOTYPES = YES;
				CLANG_WARN_SUSPICIOUS_MOVE = YES;
				CLANG_WARN_UNGUARDED_AVAILABILITY = YES_AGGRESSIVE;
				CLANG_WARN_UNREACHABLE_CODE = YES;
				CLANG_WARN__DUPLICATE_METHOD_MATCH = YES;
				COPY_PHASE_STRIP = NO;
				CURRENT_PROJECT_VERSION = 1;
				DEBUG_INFORMATION_FORMAT = "dwarf-with-dsym";
				DEVELOPMENT_TEAM = B3VCF8Y7QJ;
				ENABLE_NS_ASSERTIONS = NO;
				ENABLE_STRICT_OBJC_MSGSEND = YES;
				ENABLE_USER_SCRIPT_SANDBOXING = YES;
				GCC_C_LANGUAGE_STANDARD = gnu17;
				GCC_NO_COMMON_BLOCKS = YES;
				GCC_WARN_64_TO_32_BIT_CONVERSION = YES;
				GCC_WARN_ABOUT_RETURN_TYPE = YES_ERROR;
				GCC_WARN_UNDECLARED_SELECTOR = YES;
				GCC_WARN_UNINITIALIZED_AUTOS = YES_AGGRESSIVE;
				GCC_WARN_UNUSED_FUNCTION = YES;
				GCC_WARN_UNUSED_VARIABLE = YES;
				IPHONEOS_DEPLOYMENT_TARGET = 26.0;
				LOCALIZATION_PREFERS_STRING_CATALOGS = YES;
				MARKETING_VERSION = 4.0;
				MTL_ENABLE_DEBUG_INFO = NO;
				MTL_FAST_MATH = YES;
				SDKROOT = iphoneos;
				STRING_CATALOG_GENERATE_SYMBOLS = YES;
				SWIFT_COMPILATION_MODE = wholemodule;
				SWIFT_EMIT_LOC_STRINGS = YES;
				VALIDATE_PRODUCT = YES;
				WATCHOS_DEPLOYMENT_TARGET = 26.0;
			};
			name = Release;
		};
		566762532B60071600C3F1CA /* Debug */ = {
			isa = XCBuildConfiguration;
			buildSettings = {
				ASSETCATALOG_COMPILER_APPICON_NAME = AppIcon;
				ASSETCATALOG_COMPILER_GLOBAL_ACCENT_COLOR_NAME = AccentColor;
				CODE_SIGN_ENTITLEMENTS = Flashword/Flashword.entitlements;
				CODE_SIGN_STYLE = Automatic;
				CURRENT_PROJECT_VERSION = "$(CURRENT_PROJECT_VERSION)";
				DEVELOPMENT_ASSET_PATHS = "\"Flashword/Preview Content\"";
				ENABLE_PREVIEWS = YES;
				GENERATE_INFOPLIST_FILE = YES;
				INFOPLIST_FILE = Flashword/Info.plist;
				INFOPLIST_KEY_CFBundleDisplayName = Flashword;
				INFOPLIST_KEY_LSApplicationCategoryType = "public.app-category.education";
				INFOPLIST_KEY_NSHumanReadableCopyright = "";
				INFOPLIST_KEY_UIApplicationSceneManifest_Generation = YES;
				INFOPLIST_KEY_UIApplicationSupportsIndirectInputEvents = YES;
				INFOPLIST_KEY_UILaunchScreen_Generation = YES;
				INFOPLIST_KEY_UISupportedInterfaceOrientations_iPad = "UIInterfaceOrientationPortrait UIInterfaceOrientationPortraitUpsideDown UIInterfaceOrientationLandscapeLeft UIInterfaceOrientationLandscapeRight";
				INFOPLIST_KEY_UISupportedInterfaceOrientations_iPhone = "UIInterfaceOrientationPortrait UIInterfaceOrientationLandscapeLeft UIInterfaceOrientationLandscapeRight";
				LD_RUNPATH_SEARCH_PATHS = (
					"$(inherited)",
					"@executable_path/Frameworks",
				);
				MARKETING_VERSION = "$(MARKETING_VERSION)";
				PRODUCT_BUNDLE_IDENTIFIER = it.alessiomason.Flashword;
				PRODUCT_NAME = "$(TARGET_NAME)";
				SUPPORTED_PLATFORMS = "iphoneos iphonesimulator";
				SUPPORTS_MACCATALYST = NO;
				SUPPORTS_MAC_DESIGNED_FOR_IPHONE_IPAD = YES;
				SUPPORTS_XR_DESIGNED_FOR_IPHONE_IPAD = YES;
				SWIFT_EMIT_LOC_STRINGS = YES;
				SWIFT_VERSION = 5.0;
				TARGETED_DEVICE_FAMILY = "1,2";
			};
			name = Debug;
		};
		566762542B60071600C3F1CA /* Release */ = {
			isa = XCBuildConfiguration;
			buildSettings = {
				ASSETCATALOG_COMPILER_APPICON_NAME = AppIcon;
				ASSETCATALOG_COMPILER_GLOBAL_ACCENT_COLOR_NAME = AccentColor;
				CODE_SIGN_ENTITLEMENTS = Flashword/Flashword.entitlements;
				CODE_SIGN_STYLE = Automatic;
				CURRENT_PROJECT_VERSION = "$(CURRENT_PROJECT_VERSION)";
				DEVELOPMENT_ASSET_PATHS = "\"Flashword/Preview Content\"";
				ENABLE_PREVIEWS = YES;
				GENERATE_INFOPLIST_FILE = YES;
				INFOPLIST_FILE = Flashword/Info.plist;
				INFOPLIST_KEY_CFBundleDisplayName = Flashword;
				INFOPLIST_KEY_LSApplicationCategoryType = "public.app-category.education";
				INFOPLIST_KEY_NSHumanReadableCopyright = "";
				INFOPLIST_KEY_UIApplicationSceneManifest_Generation = YES;
				INFOPLIST_KEY_UIApplicationSupportsIndirectInputEvents = YES;
				INFOPLIST_KEY_UILaunchScreen_Generation = YES;
				INFOPLIST_KEY_UISupportedInterfaceOrientations_iPad = "UIInterfaceOrientationPortrait UIInterfaceOrientationPortraitUpsideDown UIInterfaceOrientationLandscapeLeft UIInterfaceOrientationLandscapeRight";
				INFOPLIST_KEY_UISupportedInterfaceOrientations_iPhone = "UIInterfaceOrientationPortrait UIInterfaceOrientationLandscapeLeft UIInterfaceOrientationLandscapeRight";
				LD_RUNPATH_SEARCH_PATHS = (
					"$(inherited)",
					"@executable_path/Frameworks",
				);
				MARKETING_VERSION = "$(MARKETING_VERSION)";
				PRODUCT_BUNDLE_IDENTIFIER = it.alessiomason.Flashword;
				PRODUCT_NAME = "$(TARGET_NAME)";
				SUPPORTED_PLATFORMS = "iphoneos iphonesimulator";
				SUPPORTS_MACCATALYST = NO;
				SUPPORTS_MAC_DESIGNED_FOR_IPHONE_IPAD = YES;
				SUPPORTS_XR_DESIGNED_FOR_IPHONE_IPAD = YES;
				SWIFT_EMIT_LOC_STRINGS = YES;
				SWIFT_VERSION = 5.0;
				TARGETED_DEVICE_FAMILY = "1,2";
			};
			name = Release;
		};
		568B7E992BF5033B00FC4220 /* Debug */ = {
			isa = XCBuildConfiguration;
			buildSettings = {
				ASSETCATALOG_COMPILER_APPICON_NAME = AppIcon;
				ASSETCATALOG_COMPILER_GLOBAL_ACCENT_COLOR_NAME = AccentColor;
				CODE_SIGN_ENTITLEMENTS = "FlashwordWatch Watch App/FlashwordWatch Watch App.entitlements";
				CODE_SIGN_IDENTITY = "Apple Development";
				CODE_SIGN_STYLE = Automatic;
				CURRENT_PROJECT_VERSION = "$(CURRENT_PROJECT_VERSION)";
				DEVELOPMENT_ASSET_PATHS = "";
				ENABLE_PREVIEWS = YES;
				GENERATE_INFOPLIST_FILE = YES;
				INFOPLIST_FILE = "FlashwordWatch-Watch-App-Info.plist";
				INFOPLIST_KEY_UISupportedInterfaceOrientations = "UIInterfaceOrientationPortrait UIInterfaceOrientationPortraitUpsideDown";
				INFOPLIST_KEY_WKCompanionAppBundleIdentifier = it.alessiomason.Flashword;
				LD_RUNPATH_SEARCH_PATHS = (
					"$(inherited)",
					"@executable_path/Frameworks",
				);
				MARKETING_VERSION = "$(MARKETING_VERSION)";
				PRODUCT_BUNDLE_IDENTIFIER = it.alessiomason.Flashword.watchkitapp;
				PRODUCT_NAME = Flashword;
				PROVISIONING_PROFILE_SPECIFIER = "";
				SDKROOT = watchos;
				SKIP_INSTALL = YES;
				SWIFT_EMIT_LOC_STRINGS = YES;
				SWIFT_VERSION = 5.0;
				TARGETED_DEVICE_FAMILY = 4;
				WATCHOS_DEPLOYMENT_TARGET = 10.0;
			};
			name = Debug;
		};
		568B7E9A2BF5033B00FC4220 /* Release */ = {
			isa = XCBuildConfiguration;
			buildSettings = {
				ASSETCATALOG_COMPILER_APPICON_NAME = AppIcon;
				ASSETCATALOG_COMPILER_GLOBAL_ACCENT_COLOR_NAME = AccentColor;
				CODE_SIGN_ENTITLEMENTS = "FlashwordWatch Watch App/FlashwordWatch Watch App.entitlements";
				CODE_SIGN_IDENTITY = "Apple Development";
				CODE_SIGN_STYLE = Automatic;
				CURRENT_PROJECT_VERSION = "$(CURRENT_PROJECT_VERSION)";
				DEVELOPMENT_ASSET_PATHS = "";
				ENABLE_PREVIEWS = YES;
				GENERATE_INFOPLIST_FILE = YES;
				INFOPLIST_FILE = "FlashwordWatch-Watch-App-Info.plist";
				INFOPLIST_KEY_UISupportedInterfaceOrientations = "UIInterfaceOrientationPortrait UIInterfaceOrientationPortraitUpsideDown";
				INFOPLIST_KEY_WKCompanionAppBundleIdentifier = it.alessiomason.Flashword;
				LD_RUNPATH_SEARCH_PATHS = (
					"$(inherited)",
					"@executable_path/Frameworks",
				);
				MARKETING_VERSION = "$(MARKETING_VERSION)";
				PRODUCT_BUNDLE_IDENTIFIER = it.alessiomason.Flashword.watchkitapp;
				PRODUCT_NAME = Flashword;
				PROVISIONING_PROFILE_SPECIFIER = "";
				SDKROOT = watchos;
				SKIP_INSTALL = YES;
				SWIFT_EMIT_LOC_STRINGS = YES;
				SWIFT_VERSION = 5.0;
				TARGETED_DEVICE_FAMILY = 4;
				WATCHOS_DEPLOYMENT_TARGET = 10.0;
			};
			name = Release;
		};
/* End XCBuildConfiguration section */

/* Begin XCConfigurationList section */
		5667623F2B60071500C3F1CA /* Build configuration list for PBXProject "Flashword" */ = {
			isa = XCConfigurationList;
			buildConfigurations = (
				566762502B60071600C3F1CA /* Debug */,
				566762512B60071600C3F1CA /* Release */,
			);
			defaultConfigurationIsVisible = 0;
			defaultConfigurationName = Release;
		};
		566762522B60071600C3F1CA /* Build configuration list for PBXNativeTarget "Flashword" */ = {
			isa = XCConfigurationList;
			buildConfigurations = (
				566762532B60071600C3F1CA /* Debug */,
				566762542B60071600C3F1CA /* Release */,
			);
			defaultConfigurationIsVisible = 0;
			defaultConfigurationName = Release;
		};
		568B7E9B2BF5033B00FC4220 /* Build configuration list for PBXNativeTarget "FlashwordWatch Watch App" */ = {
			isa = XCConfigurationList;
			buildConfigurations = (
				568B7E992BF5033B00FC4220 /* Debug */,
				568B7E9A2BF5033B00FC4220 /* Release */,
			);
			defaultConfigurationIsVisible = 0;
			defaultConfigurationName = Release;
		};
/* End XCConfigurationList section */

/* Begin XCRemoteSwiftPackageReference section */
		566BD4F92D15E16E00628678 /* XCRemoteSwiftPackageReference "purchases-ios-spm" */ = {
			isa = XCRemoteSwiftPackageReference;
			repositoryURL = "https://github.com/RevenueCat/purchases-ios-spm.git";
			requirement = {
				kind = upToNextMajorVersion;
				minimumVersion = 5.14.3;
			};
		};
		5684D3DF2B7E059C008EEB16 /* XCRemoteSwiftPackageReference "swift-collections" */ = {
			isa = XCRemoteSwiftPackageReference;
			repositoryURL = "https://github.com/apple/swift-collections.git";
			requirement = {
				kind = upToNextMajorVersion;
				minimumVersion = 1.1.0;
			};
		};
/* End XCRemoteSwiftPackageReference section */

/* Begin XCSwiftPackageProductDependency section */
		566BD4FA2D15E16E00628678 /* RevenueCat */ = {
			isa = XCSwiftPackageProductDependency;
			package = 566BD4F92D15E16E00628678 /* XCRemoteSwiftPackageReference "purchases-ios-spm" */;
			productName = RevenueCat;
		};
		566BD4FC2D15E16E00628678 /* RevenueCatUI */ = {
			isa = XCSwiftPackageProductDependency;
			package = 566BD4F92D15E16E00628678 /* XCRemoteSwiftPackageReference "purchases-ios-spm" */;
			productName = RevenueCatUI;
		};
		5684D3E02B7E059C008EEB16 /* OrderedCollections */ = {
			isa = XCSwiftPackageProductDependency;
			package = 5684D3DF2B7E059C008EEB16 /* XCRemoteSwiftPackageReference "swift-collections" */;
			productName = OrderedCollections;
		};
		568B7EBB2BF5069B00FC4220 /* OrderedCollections */ = {
			isa = XCSwiftPackageProductDependency;
			package = 5684D3DF2B7E059C008EEB16 /* XCRemoteSwiftPackageReference "swift-collections" */;
			productName = OrderedCollections;
		};
/* End XCSwiftPackageProductDependency section */
	};
	rootObject = 5667623C2B60071500C3F1CA /* Project object */;
}
